
Microsoft Visual Studio Solution File, Format Version 12.00
# Visual Studio Version 17
VisualStudioVersion = 17.5.002.0
MinimumVisualStudioVersion = 10.0.40219.1
Project("{9A19103F-16F7-4668-BE54-9A1E7A4F7556}") = "sdv-mods", "sdv-mods.csproj", "{882EB366-E127-49B9-B196-54069C4F1BDC}"
EndProject
Global
	GlobalSection(SolutionConfigurationPlatforms) = preSolution
		Debug|Any CPU = Debug|Any CPU
		Release|Any CPU = Release|Any CPU
	EndGlobalSection
	GlobalSection(ProjectConfigurationPlatforms) = postSolution
		{882EB366-E127-49B9-B196-54069C4F1BDC}.Debug|Any CPU.ActiveCfg = Debug|Any CPU
		{882EB366-E127-49B9-B196-54069C4F1BDC}.Debug|Any CPU.Build.0 = Debug|Any CPU
		{882EB366-E127-49B9-B196-54069C4F1BDC}.Release|Any CPU.ActiveCfg = Release|Any CPU
		{882EB366-E127-49B9-B196-54069C4F1BDC}.Release|Any CPU.Build.0 = Release|Any CPU
	EndGlobalSection
	GlobalSection(SolutionProperties) = preSolution
		HideSolutionNode = FALSE
	EndGlobalSection
	GlobalSection(ExtensibilityGlobals) = postSolution
		SolutionGuid = {450E05CB-6CF4-4227-9EEC-1D65A674F86C}
	EndGlobalSection
EndGlobal
